
Microsoft Visual Studio Solution File, Format Version 12.00
# Visual Studio 15
VisualStudioVersion = 15.0.28307.421
MinimumVisualStudioVersion = 10.0.40219.1
Project("{FAE04EC0-301F-11D3-BF4B-00C04F79EFBC}") = "Objetos_Emprestados.Android", "Objetos_Emprestados\Objetos_Emprestados.Android\Objetos_Emprestados.Android.csproj", "{DB044620-048A-48BE-BB56-DCB8B9BCDF0C}"
EndProject
Project("{FAE04EC0-301F-11D3-BF4B-00C04F79EFBC}") = "Objetos_Emprestados.iOS", "Objetos_Emprestados\Objetos_Emprestados.iOS\Objetos_Emprestados.iOS.csproj", "{8184CB09-0981-46AF-BDE6-51B3E2DF29D7}"
EndProject
Project("{FAE04EC0-301F-11D3-BF4B-00C04F79EFBC}") = "Objetos_Emprestados.UWP", "Objetos_Emprestados\Objetos_Emprestados.UWP\Objetos_Emprestados.UWP.csproj", "{CE59EC81-0344-4A58-B888-818AAEF056F3}"
EndProject
Project("{FAE04EC0-301F-11D3-BF4B-00C04F79EFBC}") = "Objetos_Emprestados", "Objetos_Emprestados\Objetos_Emprestados\Objetos_Emprestados.csproj", "{66796260-D8C9-4404-BDF0-CFCA4A046521}"
EndProject
Global
	GlobalSection(SolutionConfigurationPlatforms) = preSolution
		Ad-Hoc|Any CPU = Ad-Hoc|Any CPU
		Ad-Hoc|ARM = Ad-Hoc|ARM
		Ad-Hoc|iPhone = Ad-Hoc|iPhone
		Ad-Hoc|iPhoneSimulator = Ad-Hoc|iPhoneSimulator
		Ad-Hoc|x64 = Ad-Hoc|x64
		Ad-Hoc|x86 = Ad-Hoc|x86
		AppStore|Any CPU = AppStore|Any CPU
		AppStore|ARM = AppStore|ARM
		AppStore|iPhone = AppStore|iPhone
		AppStore|iPhoneSimulator = AppStore|iPhoneSimulator
		AppStore|x64 = AppStore|x64
		AppStore|x86 = AppStore|x86
		Debug|Any CPU = Debug|Any CPU
		Debug|ARM = Debug|ARM
		Debug|iPhone = Debug|iPhone
		Debug|iPhoneSimulator = Debug|iPhoneSimulator
		Debug|x64 = Debug|x64
		Debug|x86 = Debug|x86
		Release|Any CPU = Release|Any CPU
		Release|ARM = Release|ARM
		Release|iPhone = Release|iPhone
		Release|iPhoneSimulator = Release|iPhoneSimulator
		Release|x64 = Release|x64
		Release|x86 = Release|x86
	EndGlobalSection
	GlobalSection(ProjectConfigurationPlatforms) = postSolution
		{DB044620-048A-48BE-BB56-DCB8B9BCDF0C}.Ad-Hoc|Any CPU.ActiveCfg = Release|Any CPU
		{DB044620-048A-48BE-BB56-DCB8B9BCDF0C}.Ad-Hoc|Any CPU.Build.0 = Release|Any CPU
		{DB044620-048A-48BE-BB56-DCB8B9BCDF0C}.Ad-Hoc|Any CPU.Deploy.0 = Release|Any CPU
		{DB044620-048A-48BE-BB56-DCB8B9BCDF0C}.Ad-Hoc|ARM.ActiveCfg = Release|Any CPU
		{DB044620-048A-48BE-BB56-DCB8B9BCDF0C}.Ad-Hoc|ARM.Build.0 = Release|Any CPU
		{DB044620-048A-48BE-BB56-DCB8B9BCDF0C}.Ad-Hoc|ARM.Deploy.0 = Release|Any CPU
		{DB044620-048A-48BE-BB56-DCB8B9BCDF0C}.Ad-Hoc|iPhone.ActiveCfg = Release|Any CPU
		{DB044620-048A-48BE-BB56-DCB8B9BCDF0C}.Ad-Hoc|iPhone.Build.0 = Release|Any CPU
		{DB044620-048A-48BE-BB56-DCB8B9BCDF0C}.Ad-Hoc|iPhone.Deploy.0 = Release|Any CPU
		{DB044620-048A-48BE-BB56-DCB8B9BCDF0C}.Ad-Hoc|iPhoneSimulator.ActiveCfg = Release|Any CPU
		{DB044620-048A-48BE-BB56-DCB8B9BCDF0C}.Ad-Hoc|iPhoneSimulator.Build.0 = Release|Any CPU
		{DB044620-048A-48BE-BB56-DCB8B9BCDF0C}.Ad-Hoc|iPhoneSimulator.Deploy.0 = Release|Any CPU
		{DB044620-048A-48BE-BB56-DCB8B9BCDF0C}.Ad-Hoc|x64.ActiveCfg = Release|Any CPU
		{DB044620-048A-48BE-BB56-DCB8B9BCDF0C}.Ad-Hoc|x64.Build.0 = Release|Any CPU
		{DB044620-048A-48BE-BB56-DCB8B9BCDF0C}.Ad-Hoc|x64.Deploy.0 = Release|Any CPU
		{DB044620-048A-48BE-BB56-DCB8B9BCDF0C}.Ad-Hoc|x86.ActiveCfg = Release|Any CPU
		{DB044620-048A-48BE-BB56-DCB8B9BCDF0C}.Ad-Hoc|x86.Build.0 = Release|Any CPU
		{DB044620-048A-48BE-BB56-DCB8B9BCDF0C}.Ad-Hoc|x86.Deploy.0 = Release|Any CPU
		{DB044620-048A-48BE-BB56-DCB8B9BCDF0C}.AppStore|Any CPU.ActiveCfg = Release|Any CPU
		{DB044620-048A-48BE-BB56-DCB8B9BCDF0C}.AppStore|Any CPU.Build.0 = Release|Any CPU
		{DB044620-048A-48BE-BB56-DCB8B9BCDF0C}.AppStore|Any CPU.Deploy.0 = Release|Any CPU
		{DB044620-048A-48BE-BB56-DCB8B9BCDF0C}.AppStore|ARM.ActiveCfg = Release|Any CPU
		{DB044620-048A-48BE-BB56-DCB8B9BCDF0C}.AppStore|ARM.Build.0 = Release|Any CPU
		{DB044620-048A-48BE-BB56-DCB8B9BCDF0C}.AppStore|ARM.Deploy.0 = Release|Any CPU
		{DB044620-048A-48BE-BB56-DCB8B9BCDF0C}.AppStore|iPhone.ActiveCfg = Release|Any CPU
		{DB044620-048A-48BE-BB56-DCB8B9BCDF0C}.AppStore|iPhone.Build.0 = Release|Any CPU
		{DB044620-048A-48BE-BB56-DCB8B9BCDF0C}.AppStore|iPhone.Deploy.0 = Release|Any CPU
		{DB044620-048A-48BE-BB56-DCB8B9BCDF0C}.AppStore|iPhoneSimulator.ActiveCfg = Release|Any CPU
		{DB044620-048A-48BE-BB56-DCB8B9BCDF0C}.AppStore|iPhoneSimulator.Build.0 = Release|Any CPU
		{DB044620-048A-48BE-BB56-DCB8B9BCDF0C}.AppStore|iPhoneSimulator.Deploy.0 = Release|Any CPU
		{DB044620-048A-48BE-BB56-DCB8B9BCDF0C}.AppStore|x64.ActiveCfg = Release|Any CPU
		{DB044620-048A-48BE-BB56-DCB8B9BCDF0C}.AppStore|x64.Build.0 = Release|Any CPU
		{DB044620-048A-48BE-BB56-DCB8B9BCDF0C}.AppStore|x64.Deploy.0 = Release|Any CPU
		{DB044620-048A-48BE-BB56-DCB8B9BCDF0C}.AppStore|x86.ActiveCfg = Release|Any CPU
		{DB044620-048A-48BE-BB56-DCB8B9BCDF0C}.AppStore|x86.Build.0 = Release|Any CPU
		{DB044620-048A-48BE-BB56-DCB8B9BCDF0C}.AppStore|x86.Deploy.0 = Release|Any CPU
		{DB044620-048A-48BE-BB56-DCB8B9BCDF0C}.Debug|Any CPU.ActiveCfg = Debug|Any CPU
		{DB044620-048A-48BE-BB56-DCB8B9BCDF0C}.Debug|Any CPU.Build.0 = Debug|Any CPU
		{DB044620-048A-48BE-BB56-DCB8B9BCDF0C}.Debug|Any CPU.Deploy.0 = Debug|Any CPU
		{DB044620-048A-48BE-BB56-DCB8B9BCDF0C}.Debug|ARM.ActiveCfg = Debug|Any CPU
		{DB044620-048A-48BE-BB56-DCB8B9BCDF0C}.Debug|ARM.Build.0 = Debug|Any CPU
		{DB044620-048A-48BE-BB56-DCB8B9BCDF0C}.Debug|ARM.Deploy.0 = Debug|Any CPU
		{DB044620-048A-48BE-BB56-DCB8B9BCDF0C}.Debug|iPhone.ActiveCfg = Debug|Any CPU
		{DB044620-048A-48BE-BB56-DCB8B9BCDF0C}.Debug|iPhone.Build.0 = Debug|Any CPU
		{DB044620-048A-48BE-BB56-DCB8B9BCDF0C}.Debug|iPhone.Deploy.0 = Debug|Any CPU
		{DB044620-048A-48BE-BB56-DCB8B9BCDF0C}.Debug|iPhoneSimulator.ActiveCfg = Debug|Any CPU
		{DB044620-048A-48BE-BB56-DCB8B9BCDF0C}.Debug|iPhoneSimulator.Build.0 = Debug|Any CPU
		{DB044620-048A-48BE-BB56-DCB8B9BCDF0C}.Debug|iPhoneSimulator.Deploy.0 = Debug|Any CPU
		{DB044620-048A-48BE-BB56-DCB8B9BCDF0C}.Debug|x64.ActiveCfg = Debug|Any CPU
		{DB044620-048A-48BE-BB56-DCB8B9BCDF0C}.Debug|x64.Build.0 = Debug|Any CPU
		{DB044620-048A-48BE-BB56-DCB8B9BCDF0C}.Debug|x64.Deploy.0 = Debug|Any CPU
		{DB044620-048A-48BE-BB56-DCB8B9BCDF0C}.Debug|x86.ActiveCfg = Debug|Any CPU
		{DB044620-048A-48BE-BB56-DCB8B9BCDF0C}.Debug|x86.Build.0 = Debug|Any CPU
		{DB044620-048A-48BE-BB56-DCB8B9BCDF0C}.Debug|x86.Deploy.0 = Debug|Any CPU
		{DB044620-048A-48BE-BB56-DCB8B9BCDF0C}.Release|Any CPU.ActiveCfg = Release|Any CPU
		{DB044620-048A-48BE-BB56-DCB8B9BCDF0C}.Release|Any CPU.Build.0 = Release|Any CPU
		{DB044620-048A-48BE-BB56-DCB8B9BCDF0C}.Release|Any CPU.Deploy.0 = Release|Any CPU
		{DB044620-048A-48BE-BB56-DCB8B9BCDF0C}.Release|ARM.ActiveCfg = Release|Any CPU
		{DB044620-048A-48BE-BB56-DCB8B9BCDF0C}.Release|ARM.Build.0 = Release|Any CPU
		{DB044620-048A-48BE-BB56-DCB8B9BCDF0C}.Release|ARM.Deploy.0 = Release|Any CPU
		{DB044620-048A-48BE-BB56-DCB8B9BCDF0C}.Release|iPhone.ActiveCfg = Release|Any CPU
		{DB044620-048A-48BE-BB56-DCB8B9BCDF0C}.Release|iPhone.Build.0 = Release|Any CPU
		{DB044620-048A-48BE-BB56-DCB8B9BCDF0C}.Release|iPhone.Deploy.0 = Release|Any CPU
		{DB044620-048A-48BE-BB56-DCB8B9BCDF0C}.Release|iPhoneSimulator.ActiveCfg = Release|Any CPU
		{DB044620-048A-48BE-BB56-DCB8B9BCDF0C}.Release|iPhoneSimulator.Build.0 = Release|Any CPU
		{DB044620-048A-48BE-BB56-DCB8B9BCDF0C}.Release|iPhoneSimulator.Deploy.0 = Release|Any CPU
		{DB044620-048A-48BE-BB56-DCB8B9BCDF0C}.Release|x64.ActiveCfg = Release|Any CPU
		{DB044620-048A-48BE-BB56-DCB8B9BCDF0C}.Release|x64.Build.0 = Release|Any CPU
		{DB044620-048A-48BE-BB56-DCB8B9BCDF0C}.Release|x64.Deploy.0 = Release|Any CPU
		{DB044620-048A-48BE-BB56-DCB8B9BCDF0C}.Release|x86.ActiveCfg = Release|Any CPU
		{DB044620-048A-48BE-BB56-DCB8B9BCDF0C}.Release|x86.Build.0 = Release|Any CPU
		{DB044620-048A-48BE-BB56-DCB8B9BCDF0C}.Release|x86.Deploy.0 = Release|Any CPU
		{8184CB09-0981-46AF-BDE6-51B3E2DF29D7}.Ad-Hoc|Any CPU.ActiveCfg = Ad-Hoc|iPhone
		{8184CB09-0981-46AF-BDE6-51B3E2DF29D7}.Ad-Hoc|Any CPU.Build.0 = Ad-Hoc|iPhone
		{8184CB09-0981-46AF-BDE6-51B3E2DF29D7}.Ad-Hoc|Any CPU.Deploy.0 = Ad-Hoc|iPhone
		{8184CB09-0981-46AF-BDE6-51B3E2DF29D7}.Ad-Hoc|ARM.ActiveCfg = Ad-Hoc|iPhone
		{8184CB09-0981-46AF-BDE6-51B3E2DF29D7}.Ad-Hoc|ARM.Build.0 = Ad-Hoc|iPhone
		{8184CB09-0981-46AF-BDE6-51B3E2DF29D7}.Ad-Hoc|ARM.Deploy.0 = Ad-Hoc|iPhone
		{8184CB09-0981-46AF-BDE6-51B3E2DF29D7}.Ad-Hoc|iPhone.ActiveCfg = Ad-Hoc|iPhone
		{8184CB09-0981-46AF-BDE6-51B3E2DF29D7}.Ad-Hoc|iPhone.Build.0 = Ad-Hoc|iPhone
		{8184CB09-0981-46AF-BDE6-51B3E2DF29D7}.Ad-Hoc|iPhone.Deploy.0 = Ad-Hoc|iPhone
		{8184CB09-0981-46AF-BDE6-51B3E2DF29D7}.Ad-Hoc|iPhoneSimulator.ActiveCfg = Ad-Hoc|iPhoneSimulator
		{8184CB09-0981-46AF-BDE6-51B3E2DF29D7}.Ad-Hoc|iPhoneSimulator.Build.0 = Ad-Hoc|iPhoneSimulator
		{8184CB09-0981-46AF-BDE6-51B3E2DF29D7}.Ad-Hoc|iPhoneSimulator.Deploy.0 = Ad-Hoc|iPhoneSimulator
		{8184CB09-0981-46AF-BDE6-51B3E2DF29D7}.Ad-Hoc|x64.ActiveCfg = Ad-Hoc|iPhone
		{8184CB09-0981-46AF-BDE6-51B3E2DF29D7}.Ad-Hoc|x64.Build.0 = Ad-Hoc|iPhone
		{8184CB09-0981-46AF-BDE6-51B3E2DF29D7}.Ad-Hoc|x64.Deploy.0 = Ad-Hoc|iPhone
		{8184CB09-0981-46AF-BDE6-51B3E2DF29D7}.Ad-Hoc|x86.ActiveCfg = Ad-Hoc|iPhone
		{8184CB09-0981-46AF-BDE6-51B3E2DF29D7}.Ad-Hoc|x86.Build.0 = Ad-Hoc|iPhone
		{8184CB09-0981-46AF-BDE6-51B3E2DF29D7}.Ad-Hoc|x86.Deploy.0 = Ad-Hoc|iPhone
		{8184CB09-0981-46AF-BDE6-51B3E2DF29D7}.AppStore|Any CPU.ActiveCfg = AppStore|iPhone
		{8184CB09-0981-46AF-BDE6-51B3E2DF29D7}.AppStore|Any CPU.Build.0 = AppStore|iPhone
		{8184CB09-0981-46AF-BDE6-51B3E2DF29D7}.AppStore|Any CPU.Deploy.0 = AppStore|iPhone
		{8184CB09-0981-46AF-BDE6-51B3E2DF29D7}.AppStore|ARM.ActiveCfg = AppStore|iPhone
		{8184CB09-0981-46AF-BDE6-51B3E2DF29D7}.AppStore|ARM.Build.0 = AppStore|iPhone
		{8184CB09-0981-46AF-BDE6-51B3E2DF29D7}.AppStore|ARM.Deploy.0 = AppStore|iPhone
		{8184CB09-0981-46AF-BDE6-51B3E2DF29D7}.AppStore|iPhone.ActiveCfg = AppStore|iPhone
		{8184CB09-0981-46AF-BDE6-51B3E2DF29D7}.AppStore|iPhone.Build.0 = AppStore|iPhone
		{8184CB09-0981-46AF-BDE6-51B3E2DF29D7}.AppStore|iPhone.Deploy.0 = AppStore|iPhone
		{8184CB09-0981-46AF-BDE6-51B3E2DF29D7}.AppStore|iPhoneSimulator.ActiveCfg = AppStore|iPhoneSimulator
		{8184CB09-0981-46AF-BDE6-51B3E2DF29D7}.AppStore|iPhoneSimulator.Build.0 = AppStore|iPhoneSimulator
		{8184CB09-0981-46AF-BDE6-51B3E2DF29D7}.AppStore|iPhoneSimulator.Deploy.0 = AppStore|iPhoneSimulator
		{8184CB09-0981-46AF-BDE6-51B3E2DF29D7}.AppStore|x64.ActiveCfg = AppStore|iPhone
		{8184CB09-0981-46AF-BDE6-51B3E2DF29D7}.AppStore|x64.Build.0 = AppStore|iPhone
		{8184CB09-0981-46AF-BDE6-51B3E2DF29D7}.AppStore|x64.Deploy.0 = AppStore|iPhone
		{8184CB09-0981-46AF-BDE6-51B3E2DF29D7}.AppStore|x86.ActiveCfg = AppStore|iPhone
		{8184CB09-0981-46AF-BDE6-51B3E2DF29D7}.AppStore|x86.Build.0 = AppStore|iPhone
		{8184CB09-0981-46AF-BDE6-51B3E2DF29D7}.AppStore|x86.Deploy.0 = AppStore|iPhone
		{8184CB09-0981-46AF-BDE6-51B3E2DF29D7}.Debug|Any CPU.ActiveCfg = Debug|iPhoneSimulator
		{8184CB09-0981-46AF-BDE6-51B3E2DF29D7}.Debug|Any CPU.Build.0 = Debug|iPhoneSimulator
		{8184CB09-0981-46AF-BDE6-51B3E2DF29D7}.Debug|Any CPU.Deploy.0 = Debug|iPhoneSimulator
		{8184CB09-0981-46AF-BDE6-51B3E2DF29D7}.Debug|ARM.ActiveCfg = Debug|iPhone
		{8184CB09-0981-46AF-BDE6-51B3E2DF29D7}.Debug|ARM.Build.0 = Debug|iPhone
		{8184CB09-0981-46AF-BDE6-51B3E2DF29D7}.Debug|ARM.Deploy.0 = Debug|iPhone
		{8184CB09-0981-46AF-BDE6-51B3E2DF29D7}.Debug|iPhone.ActiveCfg = Debug|iPhone
		{8184CB09-0981-46AF-BDE6-51B3E2DF29D7}.Debug|iPhone.Build.0 = Debug|iPhone
		{8184CB09-0981-46AF-BDE6-51B3E2DF29D7}.Debug|iPhone.Deploy.0 = Debug|iPhone
		{8184CB09-0981-46AF-BDE6-51B3E2DF29D7}.Debug|iPhoneSimulator.ActiveCfg = Debug|iPhoneSimulator
		{8184CB09-0981-46AF-BDE6-51B3E2DF29D7}.Debug|iPhoneSimulator.Build.0 = Debug|iPhoneSimulator
		{8184CB09-0981-46AF-BDE6-51B3E2DF29D7}.Debug|iPhoneSimulator.Deploy.0 = Debug|iPhoneSimulator
		{8184CB09-0981-46AF-BDE6-51B3E2DF29D7}.Debug|x64.ActiveCfg = Debug|iPhone
		{8184CB09-0981-46AF-BDE6-51B3E2DF29D7}.Debug|x64.Build.0 = Debug|iPhone
		{8184CB09-0981-46AF-BDE6-51B3E2DF29D7}.Debug|x64.Deploy.0 = Debug|iPhone
		{8184CB09-0981-46AF-BDE6-51B3E2DF29D7}.Debug|x86.ActiveCfg = Debug|iPhone
		{8184CB09-0981-46AF-BDE6-51B3E2DF29D7}.Debug|x86.Build.0 = Debug|iPhone
		{8184CB09-0981-46AF-BDE6-51B3E2DF29D7}.Debug|x86.Deploy.0 = Debug|iPhone
		{8184CB09-0981-46AF-BDE6-51B3E2DF29D7}.Release|Any CPU.ActiveCfg = Release|iPhone
		{8184CB09-0981-46AF-BDE6-51B3E2DF29D7}.Release|Any CPU.Build.0 = Release|iPhone
		{8184CB09-0981-46AF-BDE6-51B3E2DF29D7}.Release|Any CPU.Deploy.0 = Release|iPhone
		{8184CB09-0981-46AF-BDE6-51B3E2DF29D7}.Release|ARM.ActiveCfg = Release|iPhone
		{8184CB09-0981-46AF-BDE6-51B3E2DF29D7}.Release|ARM.Build.0 = Release|iPhone
		{8184CB09-0981-46AF-BDE6-51B3E2DF29D7}.Release|ARM.Deploy.0 = Release|iPhone
		{8184CB09-0981-46AF-BDE6-51B3E2DF29D7}.Release|iPhone.ActiveCfg = Release|iPhone
		{8184CB09-0981-46AF-BDE6-51B3E2DF29D7}.Release|iPhone.Build.0 = Release|iPhone
		{8184CB09-0981-46AF-BDE6-51B3E2DF29D7}.Release|iPhone.Deploy.0 = Release|iPhone
		{8184CB09-0981-46AF-BDE6-51B3E2DF29D7}.Release|iPhoneSimulator.ActiveCfg = Release|iPhoneSimulator
		{8184CB09-0981-46AF-BDE6-51B3E2DF29D7}.Release|iPhoneSimulator.Build.0 = Release|iPhoneSimulator
		{8184CB09-0981-46AF-BDE6-51B3E2DF29D7}.Release|iPhoneSimulator.Deploy.0 = Release|iPhoneSimulator
		{8184CB09-0981-46AF-BDE6-51B3E2DF29D7}.Release|x64.ActiveCfg = Release|iPhone
		{8184CB09-0981-46AF-BDE6-51B3E2DF29D7}.Release|x64.Build.0 = Release|iPhone
		{8184CB09-0981-46AF-BDE6-51B3E2DF29D7}.Release|x64.Deploy.0 = Release|iPhone
		{8184CB09-0981-46AF-BDE6-51B3E2DF29D7}.Release|x86.ActiveCfg = Release|iPhone
		{8184CB09-0981-46AF-BDE6-51B3E2DF29D7}.Release|x86.Build.0 = Release|iPhone
		{8184CB09-0981-46AF-BDE6-51B3E2DF29D7}.Release|x86.Deploy.0 = Release|iPhone
		{CE59EC81-0344-4A58-B888-818AAEF056F3}.Ad-Hoc|Any CPU.ActiveCfg = Release|x86
		{CE59EC81-0344-4A58-B888-818AAEF056F3}.Ad-Hoc|Any CPU.Build.0 = Release|x86
		{CE59EC81-0344-4A58-B888-818AAEF056F3}.Ad-Hoc|Any CPU.Deploy.0 = Release|x86
		{CE59EC81-0344-4A58-B888-818AAEF056F3}.Ad-Hoc|ARM.ActiveCfg = Release|ARM
		{CE59EC81-0344-4A58-B888-818AAEF056F3}.Ad-Hoc|ARM.Build.0 = Release|ARM
		{CE59EC81-0344-4A58-B888-818AAEF056F3}.Ad-Hoc|ARM.Deploy.0 = Release|ARM
		{CE59EC81-0344-4A58-B888-818AAEF056F3}.Ad-Hoc|iPhone.ActiveCfg = Release|x86
		{CE59EC81-0344-4A58-B888-818AAEF056F3}.Ad-Hoc|iPhone.Build.0 = Release|x86
		{CE59EC81-0344-4A58-B888-818AAEF056F3}.Ad-Hoc|iPhone.Deploy.0 = Release|x86
		{CE59EC81-0344-4A58-B888-818AAEF056F3}.Ad-Hoc|iPhoneSimulator.ActiveCfg = Release|x86
		{CE59EC81-0344-4A58-B888-818AAEF056F3}.Ad-Hoc|iPhoneSimulator.Build.0 = Release|x86
		{CE59EC81-0344-4A58-B888-818AAEF056F3}.Ad-Hoc|iPhoneSimulator.Deploy.0 = Release|x86
		{CE59EC81-0344-4A58-B888-818AAEF056F3}.Ad-Hoc|x64.ActiveCfg = Release|x64
		{CE59EC81-0344-4A58-B888-818AAEF056F3}.Ad-Hoc|x64.Build.0 = Release|x64
		{CE59EC81-0344-4A58-B888-818AAEF056F3}.Ad-Hoc|x64.Deploy.0 = Release|x64
		{CE59EC81-0344-4A58-B888-818AAEF056F3}.Ad-Hoc|x86.ActiveCfg = Release|x86
		{CE59EC81-0344-4A58-B888-818AAEF056F3}.Ad-Hoc|x86.Build.0 = Release|x86
		{CE59EC81-0344-4A58-B888-818AAEF056F3}.Ad-Hoc|x86.Deploy.0 = Release|x86
		{CE59EC81-0344-4A58-B888-818AAEF056F3}.AppStore|Any CPU.ActiveCfg = Release|x86
		{CE59EC81-0344-4A58-B888-818AAEF056F3}.AppStore|Any CPU.Build.0 = Release|x86
		{CE59EC81-0344-4A58-B888-818AAEF056F3}.AppStore|Any CPU.Deploy.0 = Release|x86
		{CE59EC81-0344-4A58-B888-818AAEF056F3}.AppStore|ARM.ActiveCfg = Release|ARM
		{CE59EC81-0344-4A58-B888-818AAEF056F3}.AppStore|ARM.Build.0 = Release|ARM
		{CE59EC81-0344-4A58-B888-818AAEF056F3}.AppStore|ARM.Deploy.0 = Release|ARM
		{CE59EC81-0344-4A58-B888-818AAEF056F3}.AppStore|iPhone.ActiveCfg = Release|x86
		{CE59EC81-0344-4A58-B888-818AAEF056F3}.AppStore|iPhone.Build.0 = Release|x86
		{CE59EC81-0344-4A58-B888-818AAEF056F3}.AppStore|iPhone.Deploy.0 = Release|x86
		{CE59EC81-0344-4A58-B888-818AAEF056F3}.AppStore|iPhoneSimulator.ActiveCfg = Release|x86
		{CE59EC81-0344-4A58-B888-818AAEF056F3}.AppStore|iPhoneSimulator.Build.0 = Release|x86
		{CE59EC81-0344-4A58-B888-818AAEF056F3}.AppStore|iPhoneSimulator.Deploy.0 = Release|x86
		{CE59EC81-0344-4A58-B888-818AAEF056F3}.AppStore|x64.ActiveCfg = Release|x64
		{CE59EC81-0344-4A58-B888-818AAEF056F3}.AppStore|x64.Build.0 = Release|x64
		{CE59EC81-0344-4A58-B888-818AAEF056F3}.AppStore|x64.Deploy.0 = Release|x64
		{CE59EC81-0344-4A58-B888-818AAEF056F3}.AppStore|x86.ActiveCfg = Release|x86
		{CE59EC81-0344-4A58-B888-818AAEF056F3}.AppStore|x86.Build.0 = Release|x86
		{CE59EC81-0344-4A58-B888-818AAEF056F3}.AppStore|x86.Deploy.0 = Release|x86
		{CE59EC81-0344-4A58-B888-818AAEF056F3}.Debug|Any CPU.ActiveCfg = Debug|x86
		{CE59EC81-0344-4A58-B888-818AAEF056F3}.Debug|Any CPU.Build.0 = Debug|x86
		{CE59EC81-0344-4A58-B888-818AAEF056F3}.Debug|Any CPU.Deploy.0 = Debug|x86
		{CE59EC81-0344-4A58-B888-818AAEF056F3}.Debug|ARM.ActiveCfg = Debug|ARM
		{CE59EC81-0344-4A58-B888-818AAEF056F3}.Debug|ARM.Build.0 = Debug|ARM
		{CE59EC81-0344-4A58-B888-818AAEF056F3}.Debug|ARM.Deploy.0 = Debug|ARM
		{CE59EC81-0344-4A58-B888-818AAEF056F3}.Debug|iPhone.ActiveCfg = Debug|x86
		{CE59EC81-0344-4A58-B888-818AAEF056F3}.Debug|iPhone.Build.0 = Debug|x86
		{CE59EC81-0344-4A58-B888-818AAEF056F3}.Debug|iPhone.Deploy.0 = Debug|x86
		{CE59EC81-0344-4A58-B888-818AAEF056F3}.Debug|iPhoneSimulator.ActiveCfg = Debug|x86
		{CE59EC81-0344-4A58-B888-818AAEF056F3}.Debug|iPhoneSimulator.Build.0 = Debug|x86
		{CE59EC81-0344-4A58-B888-818AAEF056F3}.Debug|iPhoneSimulator.Deploy.0 = Debug|x86
		{CE59EC81-0344-4A58-B888-818AAEF056F3}.Debug|x64.ActiveCfg = Debug|x64
		{CE59EC81-0344-4A58-B888-818AAEF056F3}.Debug|x64.Build.0 = Debug|x64
		{CE59EC81-0344-4A58-B888-818AAEF056F3}.Debug|x64.Deploy.0 = Debug|x64
		{CE59EC81-0344-4A58-B888-818AAEF056F3}.Debug|x86.ActiveCfg = Debug|x86
		{CE59EC81-0344-4A58-B888-818AAEF056F3}.Debug|x86.Build.0 = Debug|x86
		{CE59EC81-0344-4A58-B888-818AAEF056F3}.Debug|x86.Deploy.0 = Debug|x86
		{CE59EC81-0344-4A58-B888-818AAEF056F3}.Release|Any CPU.ActiveCfg = Release|x86
		{CE59EC81-0344-4A58-B888-818AAEF056F3}.Release|Any CPU.Build.0 = Release|x86
		{CE59EC81-0344-4A58-B888-818AAEF056F3}.Release|Any CPU.Deploy.0 = Release|x86
		{CE59EC81-0344-4A58-B888-818AAEF056F3}.Release|ARM.ActiveCfg = Release|ARM
		{CE59EC81-0344-4A58-B888-818AAEF056F3}.Release|ARM.Build.0 = Release|ARM
		{CE59EC81-0344-4A58-B888-818AAEF056F3}.Release|ARM.Deploy.0 = Release|ARM
		{CE59EC81-0344-4A58-B888-818AAEF056F3}.Release|iPhone.ActiveCfg = Release|x86
		{CE59EC81-0344-4A58-B888-818AAEF056F3}.Release|iPhone.Build.0 = Release|x86
		{CE59EC81-0344-4A58-B888-818AAEF056F3}.Release|iPhone.Deploy.0 = Release|x86
		{CE59EC81-0344-4A58-B888-818AAEF056F3}.Release|iPhoneSimulator.ActiveCfg = Release|x86
		{CE59EC81-0344-4A58-B888-818AAEF056F3}.Release|iPhoneSimulator.Build.0 = Release|x86
		{CE59EC81-0344-4A58-B888-818AAEF056F3}.Release|iPhoneSimulator.Deploy.0 = Release|x86
		{CE59EC81-0344-4A58-B888-818AAEF056F3}.Release|x64.ActiveCfg = Release|x64
		{CE59EC81-0344-4A58-B888-818AAEF056F3}.Release|x64.Build.0 = Release|x64
		{CE59EC81-0344-4A58-B888-818AAEF056F3}.Release|x64.Deploy.0 = Release|x64
		{CE59EC81-0344-4A58-B888-818AAEF056F3}.Release|x86.ActiveCfg = Release|x86
		{CE59EC81-0344-4A58-B888-818AAEF056F3}.Release|x86.Build.0 = Release|x86
		{CE59EC81-0344-4A58-B888-818AAEF056F3}.Release|x86.Deploy.0 = Release|x86
		{66796260-D8C9-4404-BDF0-CFCA4A046521}.Ad-Hoc|Any CPU.ActiveCfg = Debug|Any CPU
		{66796260-D8C9-4404-BDF0-CFCA4A046521}.Ad-Hoc|Any CPU.Build.0 = Debug|Any CPU
		{66796260-D8C9-4404-BDF0-CFCA4A046521}.Ad-Hoc|Any CPU.Deploy.0 = Debug|Any CPU
		{66796260-D8C9-4404-BDF0-CFCA4A046521}.Ad-Hoc|ARM.ActiveCfg = Debug|Any CPU
		{66796260-D8C9-4404-BDF0-CFCA4A046521}.Ad-Hoc|ARM.Build.0 = Debug|Any CPU
		{66796260-D8C9-4404-BDF0-CFCA4A046521}.Ad-Hoc|ARM.Deploy.0 = Debug|Any CPU
		{66796260-D8C9-4404-BDF0-CFCA4A046521}.Ad-Hoc|iPhone.ActiveCfg = Debug|Any CPU
		{66796260-D8C9-4404-BDF0-CFCA4A046521}.Ad-Hoc|iPhone.Build.0 = Debug|Any CPU
		{66796260-D8C9-4404-BDF0-CFCA4A046521}.Ad-Hoc|iPhone.Deploy.0 = Debug|Any CPU
		{66796260-D8C9-4404-BDF0-CFCA4A046521}.Ad-Hoc|iPhoneSimulator.ActiveCfg = Debug|Any CPU
		{66796260-D8C9-4404-BDF0-CFCA4A046521}.Ad-Hoc|iPhoneSimulator.Build.0 = Debug|Any CPU
		{66796260-D8C9-4404-BDF0-CFCA4A046521}.Ad-Hoc|iPhoneSimulator.Deploy.0 = Debug|Any CPU
		{66796260-D8C9-4404-BDF0-CFCA4A046521}.Ad-Hoc|x64.ActiveCfg = Debug|Any CPU
		{66796260-D8C9-4404-BDF0-CFCA4A046521}.Ad-Hoc|x64.Build.0 = Debug|Any CPU
		{66796260-D8C9-4404-BDF0-CFCA4A046521}.Ad-Hoc|x64.Deploy.0 = Debug|Any CPU
		{66796260-D8C9-4404-BDF0-CFCA4A046521}.Ad-Hoc|x86.ActiveCfg = Debug|Any CPU
		{66796260-D8C9-4404-BDF0-CFCA4A046521}.Ad-Hoc|x86.Build.0 = Debug|Any CPU
		{66796260-D8C9-4404-BDF0-CFCA4A046521}.Ad-Hoc|x86.Deploy.0 = Debug|Any CPU
		{66796260-D8C9-4404-BDF0-CFCA4A046521}.AppStore|Any CPU.ActiveCfg = Debug|Any CPU
		{66796260-D8C9-4404-BDF0-CFCA4A046521}.AppStore|Any CPU.Build.0 = Debug|Any CPU
		{66796260-D8C9-4404-BDF0-CFCA4A046521}.AppStore|Any CPU.Deploy.0 = Debug|Any CPU
		{66796260-D8C9-4404-BDF0-CFCA4A046521}.AppStore|ARM.ActiveCfg = Debug|Any CPU
		{66796260-D8C9-4404-BDF0-CFCA4A046521}.AppStore|ARM.Build.0 = Debug|Any CPU
		{66796260-D8C9-4404-BDF0-CFCA4A046521}.AppStore|ARM.Deploy.0 = Debug|Any CPU
		{66796260-D8C9-4404-BDF0-CFCA4A046521}.AppStore|iPhone.ActiveCfg = Debug|Any CPU
		{66796260-D8C9-4404-BDF0-CFCA4A046521}.AppStore|iPhone.Build.0 = Debug|Any CPU
		{66796260-D8C9-4404-BDF0-CFCA4A046521}.AppStore|iPhone.Deploy.0 = Debug|Any CPU
		{66796260-D8C9-4404-BDF0-CFCA4A046521}.AppStore|iPhoneSimulator.ActiveCfg = Debug|Any CPU
		{66796260-D8C9-4404-BDF0-CFCA4A046521}.AppStore|iPhoneSimulator.Build.0 = Debug|Any CPU
		{66796260-D8C9-4404-BDF0-CFCA4A046521}.AppStore|iPhoneSimulator.Deploy.0 = Debug|Any CPU
		{66796260-D8C9-4404-BDF0-CFCA4A046521}.AppStore|x64.ActiveCfg = Debug|Any CPU
		{66796260-D8C9-4404-BDF0-CFCA4A046521}.AppStore|x64.Build.0 = Debug|Any CPU
		{66796260-D8C9-4404-BDF0-CFCA4A046521}.AppStore|x64.Deploy.0 = Debug|Any CPU
		{66796260-D8C9-4404-BDF0-CFCA4A046521}.AppStore|x86.ActiveCfg = Debug|Any CPU
		{66796260-D8C9-4404-BDF0-CFCA4A046521}.AppStore|x86.Build.0 = Debug|Any CPU
		{66796260-D8C9-4404-BDF0-CFCA4A046521}.AppStore|x86.Deploy.0 = Debug|Any CPU
		{66796260-D8C9-4404-BDF0-CFCA4A046521}.Debug|Any CPU.ActiveCfg = Debug|Any CPU
		{66796260-D8C9-4404-BDF0-CFCA4A046521}.Debug|Any CPU.Build.0 = Debug|Any CPU
		{66796260-D8C9-4404-BDF0-CFCA4A046521}.Debug|Any CPU.Deploy.0 = Debug|Any CPU
		{66796260-D8C9-4404-BDF0-CFCA4A046521}.Debug|ARM.ActiveCfg = Debug|Any CPU
		{66796260-D8C9-4404-BDF0-CFCA4A046521}.Debug|ARM.Build.0 = Debug|Any CPU
		{66796260-D8C9-4404-BDF0-CFCA4A046521}.Debug|ARM.Deploy.0 = Debug|Any CPU
		{66796260-D8C9-4404-BDF0-CFCA4A046521}.Debug|iPhone.ActiveCfg = Debug|Any CPU
		{66796260-D8C9-4404-BDF0-CFCA4A046521}.Debug|iPhone.Build.0 = Debug|Any CPU
		{66796260-D8C9-4404-BDF0-CFCA4A046521}.Debug|iPhone.Deploy.0 = Debug|Any CPU
		{66796260-D8C9-4404-BDF0-CFCA4A046521}.Debug|iPhoneSimulator.ActiveCfg = Debug|Any CPU
		{66796260-D8C9-4404-BDF0-CFCA4A046521}.Debug|iPhoneSimulator.Build.0 = Debug|Any CPU
		{66796260-D8C9-4404-BDF0-CFCA4A046521}.Debug|iPhoneSimulator.Deploy.0 = Debug|Any CPU
		{66796260-D8C9-4404-BDF0-CFCA4A046521}.Debug|x64.ActiveCfg = Debug|Any CPU
		{66796260-D8C9-4404-BDF0-CFCA4A046521}.Debug|x64.Build.0 = Debug|Any CPU
		{66796260-D8C9-4404-BDF0-CFCA4A046521}.Debug|x64.Deploy.0 = Debug|Any CPU
		{66796260-D8C9-4404-BDF0-CFCA4A046521}.Debug|x86.ActiveCfg = Debug|Any CPU
		{66796260-D8C9-4404-BDF0-CFCA4A046521}.Debug|x86.Build.0 = Debug|Any CPU
		{66796260-D8C9-4404-BDF0-CFCA4A046521}.Debug|x86.Deploy.0 = Debug|Any CPU
		{66796260-D8C9-4404-BDF0-CFCA4A046521}.Release|Any CPU.ActiveCfg = Release|Any CPU
		{66796260-D8C9-4404-BDF0-CFCA4A046521}.Release|Any CPU.Build.0 = Release|Any CPU
		{66796260-D8C9-4404-BDF0-CFCA4A046521}.Release|Any CPU.Deploy.0 = Release|Any CPU
		{66796260-D8C9-4404-BDF0-CFCA4A046521}.Release|ARM.ActiveCfg = Release|Any CPU
		{66796260-D8C9-4404-BDF0-CFCA4A046521}.Release|ARM.Build.0 = Release|Any CPU
		{66796260-D8C9-4404-BDF0-CFCA4A046521}.Release|ARM.Deploy.0 = Release|Any CPU
		{66796260-D8C9-4404-BDF0-CFCA4A046521}.Release|iPhone.ActiveCfg = Release|Any CPU
		{66796260-D8C9-4404-BDF0-CFCA4A046521}.Release|iPhone.Build.0 = Release|Any CPU
		{66796260-D8C9-4404-BDF0-CFCA4A046521}.Release|iPhone.Deploy.0 = Release|Any CPU
		{66796260-D8C9-4404-BDF0-CFCA4A046521}.Release|iPhoneSimulator.ActiveCfg = Release|Any CPU
		{66796260-D8C9-4404-BDF0-CFCA4A046521}.Release|iPhoneSimulator.Build.0 = Release|Any CPU
		{66796260-D8C9-4404-BDF0-CFCA4A046521}.Release|iPhoneSimulator.Deploy.0 = Release|Any CPU
		{66796260-D8C9-4404-BDF0-CFCA4A046521}.Release|x64.ActiveCfg = Release|Any CPU
		{66796260-D8C9-4404-BDF0-CFCA4A046521}.Release|x64.Build.0 = Release|Any CPU
		{66796260-D8C9-4404-BDF0-CFCA4A046521}.Release|x64.Deploy.0 = Release|Any CPU
		{66796260-D8C9-4404-BDF0-CFCA4A046521}.Release|x86.ActiveCfg = Release|Any CPU
		{66796260-D8C9-4404-BDF0-CFCA4A046521}.Release|x86.Build.0 = Release|Any CPU
		{66796260-D8C9-4404-BDF0-CFCA4A046521}.Release|x86.Deploy.0 = Release|Any CPU
	EndGlobalSection
	GlobalSection(SolutionProperties) = preSolution
		HideSolutionNode = FALSE
	EndGlobalSection
	GlobalSection(ExtensibilityGlobals) = postSolution
		SolutionGuid = {A41C1A35-7954-44FE-89A1-CBA4D22C651D}
	EndGlobalSection
EndGlobal
